
Microsoft Visual Studio Solution File, Format Version 12.00
# Visual Studio Version 16
VisualStudioVersion = 16.0.31105.61
MinimumVisualStudioVersion = 10.0.40219.1
Project("{9A19103F-16F7-4668-BE54-9A1E7A4F7556}") = "MaxSum", "MaxSum.csproj", "{A406FCC4-4C86-4661-85A2-95954D4B093D}"
EndProject
Project("{2150E333-8FDC-42A3-9474-1A3956D46DE8}") = "Test", "Test", "{682CEBDA-E5BD-451A-9BDB-B13A34582B61}"
EndProject
Project("{FAE04EC0-301F-11D3-BF4B-00C04F79EFBC}") = "MaxSumTest", "..\MaxSumTest\MaxSumTest.csproj", "{F7ECC6D9-C07F-4FB4-BFCD-FB29962450ED}"
EndProject
Global
	GlobalSection(SolutionConfigurationPlatforms) = preSolution
		Debug|Any CPU = Debug|Any CPU
		Release|Any CPU = Release|Any CPU
	EndGlobalSection
	GlobalSection(ProjectConfigurationPlatforms) = postSolution
		{A406FCC4-4C86-4661-85A2-95954D4B093D}.Debug|Any CPU.ActiveCfg = Debug|Any CPU
		{A406FCC4-4C86-4661-85A2-95954D4B093D}.Debug|Any CPU.Build.0 = Debug|Any CPU
		{A406FCC4-4C86-4661-85A2-95954D4B093D}.Release|Any CPU.ActiveCfg = Release|Any CPU
		{A406FCC4-4C86-4661-85A2-95954D4B093D}.Release|Any CPU.Build.0 = Release|Any CPU
		{F7ECC6D9-C07F-4FB4-BFCD-FB29962450ED}.Debug|Any CPU.ActiveCfg = Debug|Any CPU
		{F7ECC6D9-C07F-4FB4-BFCD-FB29962450ED}.Debug|Any CPU.Build.0 = Debug|Any CPU
		{F7ECC6D9-C07F-4FB4-BFCD-FB29962450ED}.Release|Any CPU.ActiveCfg = Release|Any CPU
		{F7ECC6D9-C07F-4FB4-BFCD-FB29962450ED}.Release|Any CPU.Build.0 = Release|Any CPU
	EndGlobalSection
	GlobalSection(SolutionProperties) = preSolution
		HideSolutionNode = FALSE
	EndGlobalSection
	GlobalSection(NestedProjects) = preSolution
		{F7ECC6D9-C07F-4FB4-BFCD-FB29962450ED} = {682CEBDA-E5BD-451A-9BDB-B13A34582B61}
	EndGlobalSection
	GlobalSection(ExtensibilityGlobals) = postSolution
		SolutionGuid = {57E72737-9705-4E7A-8694-55D0E49D213B}
	EndGlobalSection
EndGlobal
